
Microsoft Visual Studio Solution File, Format Version 12.00
# Visual Studio Version 17
VisualStudioVersion = 17.0.31903.59
MinimumVisualStudioVersion = 10.0.40219.1
Project("{FAE04EC0-301F-11D3-BF4B-00C04F79EFBC}") = "vadasz", "vadasz\vadasz.csproj", "{4453C221-369C-4A4D-8B7D-8529B05B7690}"
EndProject
Project("{FAE04EC0-301F-11D3-BF4B-00C04F79EFBC}") = "vakcina", "vakcina\vakcina.csproj", "{208791AD-CEBD-4DFD-B089-FAE3AED6C7BE}"
EndProject
Global
	GlobalSection(SolutionConfigurationPlatforms) = preSolution
		Debug|Any CPU = Debug|Any CPU
		Release|Any CPU = Release|Any CPU
	EndGlobalSection
	GlobalSection(SolutionProperties) = preSolution
		HideSolutionNode = FALSE
	EndGlobalSection
	GlobalSection(ProjectConfigurationPlatforms) = postSolution
		{4453C221-369C-4A4D-8B7D-8529B05B7690}.Debug|Any CPU.ActiveCfg = Debug|Any CPU
		{4453C221-369C-4A4D-8B7D-8529B05B7690}.Debug|Any CPU.Build.0 = Debug|Any CPU
		{4453C221-369C-4A4D-8B7D-8529B05B7690}.Release|Any CPU.ActiveCfg = Release|Any CPU
		{4453C221-369C-4A4D-8B7D-8529B05B7690}.Release|Any CPU.Build.0 = Release|Any CPU
		{208791AD-CEBD-4DFD-B089-FAE3AED6C7BE}.Debug|Any CPU.ActiveCfg = Debug|Any CPU
		{208791AD-CEBD-4DFD-B089-FAE3AED6C7BE}.Debug|Any CPU.Build.0 = Debug|Any CPU
		{208791AD-CEBD-4DFD-B089-FAE3AED6C7BE}.Release|Any CPU.ActiveCfg = Release|Any CPU
		{208791AD-CEBD-4DFD-B089-FAE3AED6C7BE}.Release|Any CPU.Build.0 = Release|Any CPU
	EndGlobalSection
EndGlobal
