
Microsoft Visual Studio Solution File, Format Version 12.00
# Visual Studio Version 17
VisualStudioVersion = 17.0.31903.59
MinimumVisualStudioVersion = 10.0.40219.1
Project("{FAE04EC0-301F-11D3-BF4B-00C04F79EFBC}") = "cactus", "cactus\cactus.csproj", "{240B876E-BFC9-49A0-A0BB-825EBBD5F90C}"
EndProject
Project("{FAE04EC0-301F-11D3-BF4B-00C04F79EFBC}") = "even-numbers", "even-numbers\even-numbers.csproj", "{799E0B16-E375-4157-8B56-45E48D4D053C}"
EndProject
Global
	GlobalSection(SolutionConfigurationPlatforms) = preSolution
		Debug|Any CPU = Debug|Any CPU
		Release|Any CPU = Release|Any CPU
	EndGlobalSection
	GlobalSection(SolutionProperties) = preSolution
		HideSolutionNode = FALSE
	EndGlobalSection
	GlobalSection(ProjectConfigurationPlatforms) = postSolution
		{240B876E-BFC9-49A0-A0BB-825EBBD5F90C}.Debug|Any CPU.ActiveCfg = Debug|Any CPU
		{240B876E-BFC9-49A0-A0BB-825EBBD5F90C}.Debug|Any CPU.Build.0 = Debug|Any CPU
		{240B876E-BFC9-49A0-A0BB-825EBBD5F90C}.Release|Any CPU.ActiveCfg = Release|Any CPU
		{240B876E-BFC9-49A0-A0BB-825EBBD5F90C}.Release|Any CPU.Build.0 = Release|Any CPU
		{799E0B16-E375-4157-8B56-45E48D4D053C}.Debug|Any CPU.ActiveCfg = Debug|Any CPU
		{799E0B16-E375-4157-8B56-45E48D4D053C}.Debug|Any CPU.Build.0 = Debug|Any CPU
		{799E0B16-E375-4157-8B56-45E48D4D053C}.Release|Any CPU.ActiveCfg = Release|Any CPU
		{799E0B16-E375-4157-8B56-45E48D4D053C}.Release|Any CPU.Build.0 = Release|Any CPU
	EndGlobalSection
EndGlobal
